Microsoft Visual Studio Solution File, Format Version 12.00
# Visual Studio Version 17
VisualStudioVersion = 17.6.33417.168
MinimumVisualStudioVersion = 15.0.26124.0
Project("{9A19103F-16F7-4668-BE54-9A1E7A4F7556}") = "PathIconRepro", "PathIconRepro\PathIconRepro.csproj", "{A5B8155A-119F-4794-B551-C6F3CF7E5411}"
EndProject
Project("{9A19103F-16F7-4668-BE54-9A1E7A4F7556}") = "PathIconRepro.Mobile", "PathIconRepro.Mobile\PathIconRepro.Mobile.csproj", "{05C8553F-6587-41A1-BA7E-9143CA624589}"
EndProject
Project("{9A19103F-16F7-4668-BE54-9A1E7A4F7556}") = "PathIconRepro.Wasm", "PathIconRepro.Wasm\PathIconRepro.Wasm.csproj", "{40EA03F7-8A22-4143-B251-79BAC3EB13D2}"
EndProject
Project("{9A19103F-16F7-4668-BE54-9A1E7A4F7556}") = "PathIconRepro.Server", "PathIconRepro.Server\PathIconRepro.Server.csproj", "{40EA03F7-8A22-1234-B251-79BAC3EB13D2}"
EndProject
Project("{9A19103F-16F7-4668-BE54-9A1E7A4F7556}") = "PathIconRepro.Skia.Gtk", "PathIconRepro.Skia.Gtk\PathIconRepro.Skia.Gtk.csproj", "{A5B8155A-118F-4794-B551-C6F3CF7E5411}"
EndProject
Project("{9A19103F-16F7-4668-BE54-9A1E7A4F7556}") = "PathIconRepro.Skia.WPF", "PathIconRepro.Skia.WPF\PathIconRepro.Skia.WPF.csproj", "{AAA0DDF9-B21B-4E7D-8E27-2F950FEF0B22}"
EndProject
Project("{9A19103F-16F7-4668-BE54-9A1E7A4F7556}") = "PathIconRepro.Windows", "PathIconRepro.Windows\PathIconRepro.Windows.csproj", "{1AA13270-F438-4864-9435-54FD806E10EA}"
EndProject
Project("{9A19103F-16F7-4668-BE54-9A1E7A4F7556}") = "PathIconRepro.Skia.Linux.FrameBuffer", "PathIconRepro.Skia.Linux.FrameBuffer\PathIconRepro.Skia.Linux.FrameBuffer.csproj", "{761D821E-9905-4444-9ADF-76C995FE5427}"
EndProject
Global
	GlobalSection(SolutionConfigurationPlatforms) = preSolution
		Debug|Any CPU = Debug|Any CPU
		Debug|ARM = Debug|ARM
		Debug|ARM64 = Debug|ARM64
		Debug|iPhone = Debug|iPhone
		Debug|iPhoneSimulator = Debug|iPhoneSimulator
		Debug|x64 = Debug|x64
		Debug|x86 = Debug|x86
		Release|Any CPU = Release|Any CPU
		Release|ARM = Release|ARM
		Release|ARM64 = Release|ARM64
		Release|iPhone = Release|iPhone
		Release|iPhoneSimulator = Release|iPhoneSimulator
		Release|x64 = Release|x64
		Release|x86 = Release|x86
	EndGlobalSection
	GlobalSection(ProjectConfigurationPlatforms) = postSolution
		{A5B8155A-119F-4794-B551-C6F3CF7E5411}.Debug|Any CPU.ActiveCfg = Debug|Any CPU
		{A5B8155A-119F-4794-B551-C6F3CF7E5411}.Debug|Any CPU.Build.0 = Debug|Any CPU
		{A5B8155A-119F-4794-B551-C6F3CF7E5411}.Debug|ARM.ActiveCfg = Debug|Any CPU
		{A5B8155A-119F-4794-B551-C6F3CF7E5411}.Debug|ARM.Build.0 = Debug|Any CPU
		{A5B8155A-119F-4794-B551-C6F3CF7E5411}.Debug|ARM64.ActiveCfg = Debug|Any CPU
		{A5B8155A-119F-4794-B551-C6F3CF7E5411}.Debug|ARM64.Build.0 = Debug|Any CPU
		{A5B8155A-119F-4794-B551-C6F3CF7E5411}.Debug|iPhone.ActiveCfg = Debug|Any CPU
		{A5B8155A-119F-4794-B551-C6F3CF7E5411}.Debug|iPhone.Build.0 = Debug|Any CPU
		{A5B8155A-119F-4794-B551-C6F3CF7E5411}.Debug|iPhoneSimulator.ActiveCfg = Debug|Any CPU
		{A5B8155A-119F-4794-B551-C6F3CF7E5411}.Debug|iPhoneSimulator.Build.0 = Debug|Any CPU
		{A5B8155A-119F-4794-B551-C6F3CF7E5411}.Debug|x64.ActiveCfg = Debug|Any CPU
		{A5B8155A-119F-4794-B551-C6F3CF7E5411}.Debug|x64.Build.0 = Debug|Any CPU
		{A5B8155A-119F-4794-B551-C6F3CF7E5411}.Debug|x86.ActiveCfg = Debug|Any CPU
		{A5B8155A-119F-4794-B551-C6F3CF7E5411}.Debug|x86.Build.0 = Debug|Any CPU
		{A5B8155A-119F-4794-B551-C6F3CF7E5411}.Release|Any CPU.ActiveCfg = Release|Any CPU
		{A5B8155A-119F-4794-B551-C6F3CF7E5411}.Release|Any CPU.Build.0 = Release|Any CPU
		{A5B8155A-119F-4794-B551-C6F3CF7E5411}.Release|ARM.ActiveCfg = Release|Any CPU
		{A5B8155A-119F-4794-B551-C6F3CF7E5411}.Release|ARM.Build.0 = Release|Any CPU
		{A5B8155A-119F-4794-B551-C6F3CF7E5411}.Release|ARM64.ActiveCfg = Release|Any CPU
		{A5B8155A-119F-4794-B551-C6F3CF7E5411}.Release|ARM64.Build.0 = Release|Any CPU
		{A5B8155A-119F-4794-B551-C6F3CF7E5411}.Release|iPhone.ActiveCfg = Release|Any CPU
		{A5B8155A-119F-4794-B551-C6F3CF7E5411}.Release|iPhone.Build.0 = Release|Any CPU
		{A5B8155A-119F-4794-B551-C6F3CF7E5411}.Release|iPhoneSimulator.ActiveCfg = Release|Any CPU
		{A5B8155A-119F-4794-B551-C6F3CF7E5411}.Release|iPhoneSimulator.Build.0 = Release|Any CPU
		{A5B8155A-119F-4794-B551-C6F3CF7E5411}.Release|x64.ActiveCfg = Release|Any CPU
		{A5B8155A-119F-4794-B551-C6F3CF7E5411}.Release|x64.Build.0 = Release|Any CPU
		{A5B8155A-119F-4794-B551-C6F3CF7E5411}.Release|x86.ActiveCfg = Release|Any CPU
		{A5B8155A-119F-4794-B551-C6F3CF7E5411}.Release|x86.Build.0 = Release|Any CPU
		{05C8553F-6587-41A1-BA7E-9143CA624589}.Debug|Any CPU.ActiveCfg = Debug|Any CPU
		{05C8553F-6587-41A1-BA7E-9143CA624589}.Debug|Any CPU.Build.0 = Debug|Any CPU
		{05C8553F-6587-41A1-BA7E-9143CA624589}.Debug|Any CPU.Deploy.0 = Debug|Any CPU
		{05C8553F-6587-41A1-BA7E-9143CA624589}.Debug|ARM.ActiveCfg = Debug|Any CPU
		{05C8553F-6587-41A1-BA7E-9143CA624589}.Debug|ARM.Build.0 = Debug|Any CPU
		{05C8553F-6587-41A1-BA7E-9143CA624589}.Debug|ARM.Deploy.0 = Debug|Any CPU
		{05C8553F-6587-41A1-BA7E-9143CA624589}.Debug|ARM64.ActiveCfg = Debug|Any CPU
		{05C8553F-6587-41A1-BA7E-9143CA624589}.Debug|ARM64.Build.0 = Debug|Any CPU
		{05C8553F-6587-41A1-BA7E-9143CA624589}.Debug|ARM64.Deploy.0 = Debug|Any CPU
		{05C8553F-6587-41A1-BA7E-9143CA624589}.Debug|iPhone.ActiveCfg = Debug|Any CPU
		{05C8553F-6587-41A1-BA7E-9143CA624589}.Debug|iPhone.Build.0 = Debug|Any CPU
		{05C8553F-6587-41A1-BA7E-9143CA624589}.Debug|iPhone.Deploy.0 = Debug|Any CPU
		{05C8553F-6587-41A1-BA7E-9143CA624589}.Debug|iPhoneSimulator.ActiveCfg = Debug|Any CPU
		{05C8553F-6587-41A1-BA7E-9143CA624589}.Debug|iPhoneSimulator.Build.0 = Debug|Any CPU
		{05C8553F-6587-41A1-BA7E-9143CA624589}.Debug|iPhoneSimulator.Deploy.0 = Debug|Any CPU
		{05C8553F-6587-41A1-BA7E-9143CA624589}.Debug|x64.ActiveCfg = Debug|Any CPU
		{05C8553F-6587-41A1-BA7E-9143CA624589}.Debug|x64.Build.0 = Debug|Any CPU
		{05C8553F-6587-41A1-BA7E-9143CA624589}.Debug|x64.Deploy.0 = Debug|Any CPU
		{05C8553F-6587-41A1-BA7E-9143CA624589}.Debug|x86.ActiveCfg = Debug|Any CPU
		{05C8553F-6587-41A1-BA7E-9143CA624589}.Debug|x86.Build.0 = Debug|Any CPU
		{05C8553F-6587-41A1-BA7E-9143CA624589}.Debug|x86.Deploy.0 = Debug|Any CPU
		{05C8553F-6587-41A1-BA7E-9143CA624589}.Release|Any CPU.ActiveCfg = Release|Any CPU
		{05C8553F-6587-41A1-BA7E-9143CA624589}.Release|Any CPU.Build.0 = Release|Any CPU
		{05C8553F-6587-41A1-BA7E-9143CA624589}.Release|Any CPU.Deploy.0 = Release|Any CPU
		{05C8553F-6587-41A1-BA7E-9143CA624589}.Release|ARM.ActiveCfg = Release|Any CPU
		{05C8553F-6587-41A1-BA7E-9143CA624589}.Release|ARM.Build.0 = Release|Any CPU
		{05C8553F-6587-41A1-BA7E-9143CA624589}.Release|ARM.Deploy.0 = Release|Any CPU
		{05C8553F-6587-41A1-BA7E-9143CA624589}.Release|ARM64.ActiveCfg = Release|Any CPU
		{05C8553F-6587-41A1-BA7E-9143CA624589}.Release|ARM64.Build.0 = Release|Any CPU
		{05C8553F-6587-41A1-BA7E-9143CA624589}.Release|ARM64.Deploy.0 = Release|Any CPU
		{05C8553F-6587-41A1-BA7E-9143CA624589}.Release|iPhone.ActiveCfg = Release|Any CPU
		{05C8553F-6587-41A1-BA7E-9143CA624589}.Release|iPhone.Build.0 = Release|Any CPU
		{05C8553F-6587-41A1-BA7E-9143CA624589}.Release|iPhone.Deploy.0 = Release|Any CPU
		{05C8553F-6587-41A1-BA7E-9143CA624589}.Release|iPhoneSimulator.ActiveCfg = Release|Any CPU
		{05C8553F-6587-41A1-BA7E-9143CA624589}.Release|iPhoneSimulator.Build.0 = Release|Any CPU
		{05C8553F-6587-41A1-BA7E-9143CA624589}.Release|iPhoneSimulator.Deploy.0 = Release|Any CPU
		{05C8553F-6587-41A1-BA7E-9143CA624589}.Release|x64.ActiveCfg = Release|Any CPU
		{05C8553F-6587-41A1-BA7E-9143CA624589}.Release|x64.Build.0 = Release|Any CPU
		{05C8553F-6587-41A1-BA7E-9143CA624589}.Release|x64.Deploy.0 = Release|Any CPU
		{05C8553F-6587-41A1-BA7E-9143CA624589}.Release|x86.ActiveCfg = Release|Any CPU
		{05C8553F-6587-41A1-BA7E-9143CA624589}.Release|x86.Build.0 = Release|Any CPU
		{05C8553F-6587-41A1-BA7E-9143CA624589}.Release|x86.Deploy.0 = Release|Any CPU
		{40EA03F7-8A22-4143-B251-79BAC3EB13D2}.Debug|Any CPU.ActiveCfg = Debug|Any CPU
		{40EA03F7-8A22-4143-B251-79BAC3EB13D2}.Debug|Any CPU.Build.0 = Debug|Any CPU
		{40EA03F7-8A22-4143-B251-79BAC3EB13D2}.Debug|ARM.ActiveCfg = Debug|Any CPU
		{40EA03F7-8A22-4143-B251-79BAC3EB13D2}.Debug|ARM.Build.0 = Debug|Any CPU
		{40EA03F7-8A22-4143-B251-79BAC3EB13D2}.Debug|ARM64.ActiveCfg = Debug|Any CPU
		{40EA03F7-8A22-4143-B251-79BAC3EB13D2}.Debug|ARM64.Build.0 = Debug|Any CPU
		{40EA03F7-8A22-4143-B251-79BAC3EB13D2}.Debug|iPhone.ActiveCfg = Debug|Any CPU
		{40EA03F7-8A22-4143-B251-79BAC3EB13D2}.Debug|iPhone.Build.0 = Debug|Any CPU
		{40EA03F7-8A22-4143-B251-79BAC3EB13D2}.Debug|iPhoneSimulator.ActiveCfg = Debug|Any CPU
		{40EA03F7-8A22-4143-B251-79BAC3EB13D2}.Debug|iPhoneSimulator.Build.0 = Debug|Any CPU
		{40EA03F7-8A22-4143-B251-79BAC3EB13D2}.Debug|x64.ActiveCfg = Debug|Any CPU
		{40EA03F7-8A22-4143-B251-79BAC3EB13D2}.Debug|x64.Build.0 = Debug|Any CPU
		{40EA03F7-8A22-4143-B251-79BAC3EB13D2}.Debug|x86.ActiveCfg = Debug|Any CPU
		{40EA03F7-8A22-4143-B251-79BAC3EB13D2}.Debug|x86.Build.0 = Debug|Any CPU
		{40EA03F7-8A22-4143-B251-79BAC3EB13D2}.Release|Any CPU.ActiveCfg = Release|Any CPU
		{40EA03F7-8A22-4143-B251-79BAC3EB13D2}.Release|Any CPU.Build.0 = Release|Any CPU
		{40EA03F7-8A22-4143-B251-79BAC3EB13D2}.Release|ARM.ActiveCfg = Release|Any CPU
		{40EA03F7-8A22-4143-B251-79BAC3EB13D2}.Release|ARM.Build.0 = Release|Any CPU
		{40EA03F7-8A22-4143-B251-79BAC3EB13D2}.Release|ARM64.ActiveCfg = Release|Any CPU
		{40EA03F7-8A22-4143-B251-79BAC3EB13D2}.Release|ARM64.Build.0 = Release|Any CPU
		{40EA03F7-8A22-4143-B251-79BAC3EB13D2}.Release|iPhone.ActiveCfg = Release|Any CPU
		{40EA03F7-8A22-4143-B251-79BAC3EB13D2}.Release|iPhone.Build.0 = Release|Any CPU
		{40EA03F7-8A22-4143-B251-79BAC3EB13D2}.Release|iPhoneSimulator.ActiveCfg = Release|Any CPU
		{40EA03F7-8A22-4143-B251-79BAC3EB13D2}.Release|iPhoneSimulator.Build.0 = Release|Any CPU
		{40EA03F7-8A22-4143-B251-79BAC3EB13D2}.Release|x64.ActiveCfg = Release|Any CPU
		{40EA03F7-8A22-4143-B251-79BAC3EB13D2}.Release|x64.Build.0 = Release|Any CPU
		{40EA03F7-8A22-4143-B251-79BAC3EB13D2}.Release|x86.ActiveCfg = Release|Any CPU
		{40EA03F7-8A22-4143-B251-79BAC3EB13D2}.Release|x86.Build.0 = Release|Any CPU
		{40EA03F7-8A22-1234-B251-79BAC3EB13D2}.Debug|Any CPU.ActiveCfg = Debug|Any CPU
		{40EA03F7-8A22-1234-B251-79BAC3EB13D2}.Debug|Any CPU.Build.0 = Debug|Any CPU
		{40EA03F7-8A22-1234-B251-79BAC3EB13D2}.Debug|ARM.ActiveCfg = Debug|Any CPU
		{40EA03F7-8A22-1234-B251-79BAC3EB13D2}.Debug|ARM.Build.0 = Debug|Any CPU
		{40EA03F7-8A22-1234-B251-79BAC3EB13D2}.Debug|ARM64.ActiveCfg = Debug|Any CPU
		{40EA03F7-8A22-1234-B251-79BAC3EB13D2}.Debug|ARM64.Build.0 = Debug|Any CPU
		{40EA03F7-8A22-1234-B251-79BAC3EB13D2}.Debug|iPhone.ActiveCfg = Debug|Any CPU
		{40EA03F7-8A22-1234-B251-79BAC3EB13D2}.Debug|iPhone.Build.0 = Debug|Any CPU
		{40EA03F7-8A22-1234-B251-79BAC3EB13D2}.Debug|iPhoneSimulator.ActiveCfg = Debug|Any CPU
		{40EA03F7-8A22-1234-B251-79BAC3EB13D2}.Debug|iPhoneSimulator.Build.0 = Debug|Any CPU
		{40EA03F7-8A22-1234-B251-79BAC3EB13D2}.Debug|x64.ActiveCfg = Debug|Any CPU
		{40EA03F7-8A22-1234-B251-79BAC3EB13D2}.Debug|x64.Build.0 = Debug|Any CPU
		{40EA03F7-8A22-1234-B251-79BAC3EB13D2}.Debug|x86.ActiveCfg = Debug|Any CPU
		{40EA03F7-8A22-1234-B251-79BAC3EB13D2}.Debug|x86.Build.0 = Debug|Any CPU
		{40EA03F7-8A22-1234-B251-79BAC3EB13D2}.Release|Any CPU.ActiveCfg = Release|Any CPU
		{40EA03F7-8A22-1234-B251-79BAC3EB13D2}.Release|Any CPU.Build.0 = Release|Any CPU
		{40EA03F7-8A22-1234-B251-79BAC3EB13D2}.Release|ARM.ActiveCfg = Release|Any CPU
		{40EA03F7-8A22-1234-B251-79BAC3EB13D2}.Release|ARM.Build.0 = Release|Any CPU
		{40EA03F7-8A22-1234-B251-79BAC3EB13D2}.Release|ARM64.ActiveCfg = Release|Any CPU
		{40EA03F7-8A22-1234-B251-79BAC3EB13D2}.Release|ARM64.Build.0 = Release|Any CPU
		{40EA03F7-8A22-1234-B251-79BAC3EB13D2}.Release|iPhone.ActiveCfg = Release|Any CPU
		{40EA03F7-8A22-1234-B251-79BAC3EB13D2}.Release|iPhone.Build.0 = Release|Any CPU
		{40EA03F7-8A22-1234-B251-79BAC3EB13D2}.Release|iPhoneSimulator.ActiveCfg = Release|Any CPU
		{40EA03F7-8A22-1234-B251-79BAC3EB13D2}.Release|iPhoneSimulator.Build.0 = Release|Any CPU
		{40EA03F7-8A22-1234-B251-79BAC3EB13D2}.Release|x64.ActiveCfg = Release|Any CPU
		{40EA03F7-8A22-1234-B251-79BAC3EB13D2}.Release|x64.Build.0 = Release|Any CPU
		{40EA03F7-8A22-1234-B251-79BAC3EB13D2}.Release|x86.ActiveCfg = Release|Any CPU
		{40EA03F7-8A22-1234-B251-79BAC3EB13D2}.Release|x86.Build.0 = Release|Any CPU
		{A5B8155A-118F-4794-B551-C6F3CF7E5411}.Debug|Any CPU.ActiveCfg = Debug|Any CPU
		{A5B8155A-118F-4794-B551-C6F3CF7E5411}.Debug|Any CPU.Build.0 = Debug|Any CPU
		{A5B8155A-118F-4794-B551-C6F3CF7E5411}.Debug|ARM.ActiveCfg = Debug|Any CPU
		{A5B8155A-118F-4794-B551-C6F3CF7E5411}.Debug|ARM.Build.0 = Debug|Any CPU
		{A5B8155A-118F-4794-B551-C6F3CF7E5411}.Debug|ARM64.ActiveCfg = Debug|Any CPU
		{A5B8155A-118F-4794-B551-C6F3CF7E5411}.Debug|ARM64.Build.0 = Debug|Any CPU
		{A5B8155A-118F-4794-B551-C6F3CF7E5411}.Debug|iPhone.ActiveCfg = Debug|Any CPU
		{A5B8155A-118F-4794-B551-C6F3CF7E5411}.Debug|iPhone.Build.0 = Debug|Any CPU
		{A5B8155A-118F-4794-B551-C6F3CF7E5411}.Debug|iPhoneSimulator.ActiveCfg = Debug|Any CPU
		{A5B8155A-118F-4794-B551-C6F3CF7E5411}.Debug|iPhoneSimulator.Build.0 = Debug|Any CPU
		{A5B8155A-118F-4794-B551-C6F3CF7E5411}.Debug|x64.ActiveCfg = Debug|Any CPU
		{A5B8155A-118F-4794-B551-C6F3CF7E5411}.Debug|x64.Build.0 = Debug|Any CPU
		{A5B8155A-118F-4794-B551-C6F3CF7E5411}.Debug|x86.ActiveCfg = Debug|Any CPU
		{A5B8155A-118F-4794-B551-C6F3CF7E5411}.Debug|x86.Build.0 = Debug|Any CPU
		{A5B8155A-118F-4794-B551-C6F3CF7E5411}.Release|Any CPU.ActiveCfg = Release|Any CPU
		{A5B8155A-118F-4794-B551-C6F3CF7E5411}.Release|Any CPU.Build.0 = Release|Any CPU
		{A5B8155A-118F-4794-B551-C6F3CF7E5411}.Release|ARM.ActiveCfg = Release|Any CPU
		{A5B8155A-118F-4794-B551-C6F3CF7E5411}.Release|ARM.Build.0 = Release|Any CPU
		{A5B8155A-118F-4794-B551-C6F3CF7E5411}.Release|ARM64.ActiveCfg = Release|Any CPU
		{A5B8155A-118F-4794-B551-C6F3CF7E5411}.Release|ARM64.Build.0 = Release|Any CPU
		{A5B8155A-118F-4794-B551-C6F3CF7E5411}.Release|iPhone.ActiveCfg = Release|Any CPU
		{A5B8155A-118F-4794-B551-C6F3CF7E5411}.Release|iPhone.Build.0 = Release|Any CPU
		{A5B8155A-118F-4794-B551-C6F3CF7E5411}.Release|iPhoneSimulator.ActiveCfg = Release|Any CPU
		{A5B8155A-118F-4794-B551-C6F3CF7E5411}.Release|iPhoneSimulator.Build.0 = Release|Any CPU
		{A5B8155A-118F-4794-B551-C6F3CF7E5411}.Release|x64.ActiveCfg = Release|Any CPU
		{A5B8155A-118F-4794-B551-C6F3CF7E5411}.Release|x64.Build.0 = Release|Any CPU
		{A5B8155A-118F-4794-B551-C6F3CF7E5411}.Release|x86.ActiveCfg = Release|Any CPU
		{A5B8155A-118F-4794-B551-C6F3CF7E5411}.Release|x86.Build.0 = Release|Any CPU
		{AAA0DDF9-B21B-4E7D-8E27-2F950FEF0B22}.Debug|Any CPU.ActiveCfg = Debug|Any CPU
		{AAA0DDF9-B21B-4E7D-8E27-2F950FEF0B22}.Debug|Any CPU.Build.0 = Debug|Any CPU
		{AAA0DDF9-B21B-4E7D-8E27-2F950FEF0B22}.Debug|Any CPU.Deploy.0 = Debug|Any CPU
		{AAA0DDF9-B21B-4E7D-8E27-2F950FEF0B22}.Debug|ARM.ActiveCfg = Debug|Any CPU
		{AAA0DDF9-B21B-4E7D-8E27-2F950FEF0B22}.Debug|ARM.Build.0 = Debug|Any CPU
		{AAA0DDF9-B21B-4E7D-8E27-2F950FEF0B22}.Debug|ARM.Deploy.0 = Debug|Any CPU
		{AAA0DDF9-B21B-4E7D-8E27-2F950FEF0B22}.Debug|ARM64.ActiveCfg = Debug|Any CPU
		{AAA0DDF9-B21B-4E7D-8E27-2F950FEF0B22}.Debug|ARM64.Build.0 = Debug|Any CPU
		{AAA0DDF9-B21B-4E7D-8E27-2F950FEF0B22}.Debug|ARM64.Deploy.0 = Debug|Any CPU
		{AAA0DDF9-B21B-4E7D-8E27-2F950FEF0B22}.Debug|iPhone.ActiveCfg = Debug|Any CPU
		{AAA0DDF9-B21B-4E7D-8E27-2F950FEF0B22}.Debug|iPhone.Build.0 = Debug|Any CPU
		{AAA0DDF9-B21B-4E7D-8E27-2F950FEF0B22}.Debug|iPhone.Deploy.0 = Debug|Any CPU
		{AAA0DDF9-B21B-4E7D-8E27-2F950FEF0B22}.Debug|iPhoneSimulator.ActiveCfg = Debug|Any CPU
		{AAA0DDF9-B21B-4E7D-8E27-2F950FEF0B22}.Debug|iPhoneSimulator.Build.0 = Debug|Any CPU
		{AAA0DDF9-B21B-4E7D-8E27-2F950FEF0B22}.Debug|iPhoneSimulator.Deploy.0 = Debug|Any CPU
		{AAA0DDF9-B21B-4E7D-8E27-2F950FEF0B22}.Debug|x64.ActiveCfg = Debug|Any CPU
		{AAA0DDF9-B21B-4E7D-8E27-2F950FEF0B22}.Debug|x64.Build.0 = Debug|Any CPU
		{AAA0DDF9-B21B-4E7D-8E27-2F950FEF0B22}.Debug|x64.Deploy.0 = Debug|Any CPU
		{AAA0DDF9-B21B-4E7D-8E27-2F950FEF0B22}.Debug|x86.ActiveCfg = Debug|Any CPU
		{AAA0DDF9-B21B-4E7D-8E27-2F950FEF0B22}.Debug|x86.Build.0 = Debug|Any CPU
		{AAA0DDF9-B21B-4E7D-8E27-2F950FEF0B22}.Debug|x86.Deploy.0 = Debug|Any CPU
		{AAA0DDF9-B21B-4E7D-8E27-2F950FEF0B22}.Release|Any CPU.ActiveCfg = Release|Any CPU
		{AAA0DDF9-B21B-4E7D-8E27-2F950FEF0B22}.Release|Any CPU.Build.0 = Release|Any CPU
		{AAA0DDF9-B21B-4E7D-8E27-2F950FEF0B22}.Release|ARM.ActiveCfg = Release|Any CPU
		{AAA0DDF9-B21B-4E7D-8E27-2F950FEF0B22}.Release|ARM.Build.0 = Release|Any CPU
		{AAA0DDF9-B21B-4E7D-8E27-2F950FEF0B22}.Release|ARM.Deploy.0 = Release|Any CPU
		{AAA0DDF9-B21B-4E7D-8E27-2F950FEF0B22}.Release|ARM64.ActiveCfg = Release|Any CPU
		{AAA0DDF9-B21B-4E7D-8E27-2F950FEF0B22}.Release|ARM64.Build.0 = Release|Any CPU
		{AAA0DDF9-B21B-4E7D-8E27-2F950FEF0B22}.Release|ARM64.Deploy.0 = Release|Any CPU
		{AAA0DDF9-B21B-4E7D-8E27-2F950FEF0B22}.Release|iPhone.ActiveCfg = Release|Any CPU
		{AAA0DDF9-B21B-4E7D-8E27-2F950FEF0B22}.Release|iPhone.Build.0 = Release|Any CPU
		{AAA0DDF9-B21B-4E7D-8E27-2F950FEF0B22}.Release|iPhoneSimulator.ActiveCfg = Release|Any CPU
		{AAA0DDF9-B21B-4E7D-8E27-2F950FEF0B22}.Release|iPhoneSimulator.Build.0 = Release|Any CPU
		{AAA0DDF9-B21B-4E7D-8E27-2F950FEF0B22}.Release|iPhoneSimulator.Deploy.0 = Release|Any CPU
		{AAA0DDF9-B21B-4E7D-8E27-2F950FEF0B22}.Release|x64.ActiveCfg = Release|Any CPU
		{AAA0DDF9-B21B-4E7D-8E27-2F950FEF0B22}.Release|x64.Build.0 = Release|Any CPU
		{AAA0DDF9-B21B-4E7D-8E27-2F950FEF0B22}.Release|x64.Deploy.0 = Release|Any CPU
		{AAA0DDF9-B21B-4E7D-8E27-2F950FEF0B22}.Release|x86.ActiveCfg = Release|Any CPU
		{AAA0DDF9-B21B-4E7D-8E27-2F950FEF0B22}.Release|x86.Build.0 = Release|Any CPU
		{AAA0DDF9-B21B-4E7D-8E27-2F950FEF0B22}.Release|x86.Deploy.0 = Release|Any CPU
		{1AA13270-F438-4864-9435-54FD806E10EA}.Debug|Any CPU.ActiveCfg = Debug|x86
		{1AA13270-F438-4864-9435-54FD806E10EA}.Debug|Any CPU.Build.0 = Debug|x86
		{1AA13270-F438-4864-9435-54FD806E10EA}.Debug|Any CPU.Deploy.0 = Debug|x86
		{1AA13270-F438-4864-9435-54FD806E10EA}.Debug|ARM.ActiveCfg = Debug|Any CPU
		{1AA13270-F438-4864-9435-54FD806E10EA}.Debug|ARM.Build.0 = Debug|Any CPU
		{1AA13270-F438-4864-9435-54FD806E10EA}.Debug|ARM64.ActiveCfg = Debug|x86
		{1AA13270-F438-4864-9435-54FD806E10EA}.Debug|ARM64.Build.0 = Debug|x86
		{1AA13270-F438-4864-9435-54FD806E10EA}.Debug|iPhone.ActiveCfg = Debug|Any CPU
		{1AA13270-F438-4864-9435-54FD806E10EA}.Debug|iPhone.Build.0 = Debug|Any CPU
		{1AA13270-F438-4864-9435-54FD806E10EA}.Debug|iPhoneSimulator.ActiveCfg = Debug|Any CPU
		{1AA13270-F438-4864-9435-54FD806E10EA}.Debug|iPhoneSimulator.Build.0 = Debug|Any CPU
		{1AA13270-F438-4864-9435-54FD806E10EA}.Debug|x64.ActiveCfg = Debug|x64
		{1AA13270-F438-4864-9435-54FD806E10EA}.Debug|x64.Build.0 = Debug|x64
		{1AA13270-F438-4864-9435-54FD806E10EA}.Debug|x64.Deploy.0 = Debug|x64
		{1AA13270-F438-4864-9435-54FD806E10EA}.Debug|x86.ActiveCfg = Debug|x86
		{1AA13270-F438-4864-9435-54FD806E10EA}.Debug|x86.Build.0 = Debug|x86
		{1AA13270-F438-4864-9435-54FD806E10EA}.Debug|x86.Deploy.0 = Debug|x86
		{1AA13270-F438-4864-9435-54FD806E10EA}.Release|Any CPU.ActiveCfg = Release|Any CPU
		{1AA13270-F438-4864-9435-54FD806E10EA}.Release|Any CPU.Build.0 = Release|Any CPU
		{1AA13270-F438-4864-9435-54FD806E10EA}.Release|Any CPU.Deploy.0 = Release|Any CPU
		{1AA13270-F438-4864-9435-54FD806E10EA}.Release|ARM.ActiveCfg = Release|Any CPU
		{1AA13270-F438-4864-9435-54FD806E10EA}.Release|ARM.Build.0 = Release|Any CPU
		{1AA13270-F438-4864-9435-54FD806E10EA}.Release|ARM64.ActiveCfg = Release|x86
		{1AA13270-F438-4864-9435-54FD806E10EA}.Release|ARM64.Build.0 = Release|x86
		{1AA13270-F438-4864-9435-54FD806E10EA}.Release|iPhone.ActiveCfg = Release|Any CPU
		{1AA13270-F438-4864-9435-54FD806E10EA}.Release|iPhone.Build.0 = Release|Any CPU
		{1AA13270-F438-4864-9435-54FD806E10EA}.Release|iPhoneSimulator.ActiveCfg = Release|Any CPU
		{1AA13270-F438-4864-9435-54FD806E10EA}.Release|iPhoneSimulator.Build.0 = Release|Any CPU
		{1AA13270-F438-4864-9435-54FD806E10EA}.Release|x64.ActiveCfg = Release|x64
		{1AA13270-F438-4864-9435-54FD806E10EA}.Release|x64.Build.0 = Release|x64
		{1AA13270-F438-4864-9435-54FD806E10EA}.Release|x64.Deploy.0 = Release|x64
		{1AA13270-F438-4864-9435-54FD806E10EA}.Release|x86.ActiveCfg = Release|x86
		{1AA13270-F438-4864-9435-54FD806E10EA}.Release|x86.Build.0 = Release|x86
		{1AA13270-F438-4864-9435-54FD806E10EA}.Release|x86.Deploy.0 = Release|x86
		{761D821E-9905-4444-9ADF-76C995FE5427}.Debug|Any CPU.ActiveCfg = Debug|Any CPU
		{761D821E-9905-4444-9ADF-76C995FE5427}.Debug|Any CPU.Build.0 = Debug|Any CPU
		{761D821E-9905-4444-9ADF-76C995FE5427}.Debug|ARM.ActiveCfg = Debug|Any CPU
		{761D821E-9905-4444-9ADF-76C995FE5427}.Debug|ARM.Build.0 = Debug|Any CPU
		{761D821E-9905-4444-9ADF-76C995FE5427}.Debug|ARM64.ActiveCfg = Debug|Any CPU
		{761D821E-9905-4444-9ADF-76C995FE5427}.Debug|ARM64.Build.0 = Debug|Any CPU
		{761D821E-9905-4444-9ADF-76C995FE5427}.Debug|iPhone.ActiveCfg = Debug|Any CPU
		{761D821E-9905-4444-9ADF-76C995FE5427}.Debug|iPhone.Build.0 = Debug|Any CPU
		{761D821E-9905-4444-9ADF-76C995FE5427}.Debug|iPhoneSimulator.ActiveCfg = Debug|Any CPU
		{761D821E-9905-4444-9ADF-76C995FE5427}.Debug|iPhoneSimulator.Build.0 = Debug|Any CPU
		{761D821E-9905-4444-9ADF-76C995FE5427}.Debug|x64.ActiveCfg = Debug|Any CPU
		{761D821E-9905-4444-9ADF-76C995FE5427}.Debug|x64.Build.0 = Debug|Any CPU
		{761D821E-9905-4444-9ADF-76C995FE5427}.Debug|x86.ActiveCfg = Debug|Any CPU
		{761D821E-9905-4444-9ADF-76C995FE5427}.Debug|x86.Build.0 = Debug|Any CPU
		{761D821E-9905-4444-9ADF-76C995FE5427}.Release|Any CPU.ActiveCfg = Release|Any CPU
		{761D821E-9905-4444-9ADF-76C995FE5427}.Release|Any CPU.Build.0 = Release|Any CPU
		{761D821E-9905-4444-9ADF-76C995FE5427}.Release|ARM.ActiveCfg = Release|Any CPU
		{761D821E-9905-4444-9ADF-76C995FE5427}.Release|ARM.Build.0 = Release|Any CPU
		{761D821E-9905-4444-9ADF-76C995FE5427}.Release|ARM64.ActiveCfg = Release|Any CPU
		{761D821E-9905-4444-9ADF-76C995FE5427}.Release|ARM64.Build.0 = Release|Any CPU
		{761D821E-9905-4444-9ADF-76C995FE5427}.Release|iPhone.ActiveCfg = Release|Any CPU
		{761D821E-9905-4444-9ADF-76C995FE5427}.Release|iPhone.Build.0 = Release|Any CPU
		{761D821E-9905-4444-9ADF-76C995FE5427}.Release|iPhoneSimulator.ActiveCfg = Release|Any CPU
		{761D821E-9905-4444-9ADF-76C995FE5427}.Release|iPhoneSimulator.Build.0 = Release|Any CPU
		{761D821E-9905-4444-9ADF-76C995FE5427}.Release|x64.ActiveCfg = Release|Any CPU
		{761D821E-9905-4444-9ADF-76C995FE5427}.Release|x64.Build.0 = Release|Any CPU
		{761D821E-9905-4444-9ADF-76C995FE5427}.Release|x86.ActiveCfg = Release|Any CPU
		{761D821E-9905-4444-9ADF-76C995FE5427}.Release|x86.Build.0 = Release|Any CPU
	EndGlobalSection
	GlobalSection(SolutionProperties) = preSolution
		HideSolutionNode = FALSE
	EndGlobalSection
	GlobalSection(ExtensibilityGlobals) = postSolution
		SolutionGuid = {C7433AE2-B1A0-4C1A-887E-5CAA7AAF67A6}
	EndGlobalSection
EndGlobal
